// !$*UTF8*$!
{
	archiveVersion = 1;
	classes = {
	};
	objectVersion = 46;
	objects = {

/* Begin PBXBuildFile section */
		91B73E791DFEBE9400ECB715 /* main.m in Sources */ = {isa = PBXBuildFile; fileRef = 91B73E781DFEBE9400ECB715 /* main.m */; };
		91B73E7C1DFEBE9400ECB715 /* AppDelegate.m in Sources */ = {isa = PBXBuildFile; fileRef = 91B73E7B1DFEBE9400ECB715 /* AppDelegate.m */; };
		91B73E7F1DFEBE9400ECB715 /* ViewController.m in Sources */ = {isa = PBXBuildFile; fileRef = 91B73E7E1DFEBE9400ECB715 /* ViewController.m */; };
		91B73E821DFEBE9400ECB715 /* Main.storyboard in Resources */ = {isa = PBXBuildFile; fileRef = 91B73E801DFEBE9400ECB715 /* Main.storyboard */; };
		91B73E841DFEBE9400ECB715 /* Assets.xcassets in Resources */ = {isa = PBXBuildFile; fileRef = 91B73E831DFEBE9400ECB715 /* Assets.xcassets */; };
		91B73E871DFEBE9400ECB715 /* LaunchScreen.storyboard in Resources */ = {isa = PBXBuildFile; fileRef = 91B73E851DFEBE9400ECB715 /* LaunchScreen.storyboard */; };
		91B73E931DFEBF6700ECB715 /* PBURLProtocol.m in Sources */ = {isa = PBXBuildFile; fileRef = 91B73E921DFEBF6700ECB715 /* PBURLProtocol.m */; };
		9F609B3E9E6CD17095543789 /* libPods-PBURLProtocol.a in Frameworks */ = {isa = PBXBuildFile; fileRef = FB6216954B7DD53981C915AF /* libPods-PBURLProtocol.a */; };
/* End PBXBuildFile section */

/* Begin PBXFileReference section */
		13E8DBAF2EB2B987517DCE4D /* Pods-PBURLProtocol.release.xcconfig */ = {isa = PBXFileReference; includeInIndex = 1; lastKnownFileType = text.xcconfig; name = "Pods-PBURLProtocol.release.xcconfig"; path = "Pods/Target Support Files/Pods-PBURLProtocol/Pods-PBURLProtocol.release.xcconfig"; sourceTree = "<group>"; };
		44F85D47CA08841AF691A4FE /* Pods-PBURLProtocol.debug.xcconfig */ = {isa = PBXFileReference; includeInIndex = 1; lastKnownFileType = text.xcconfig; name = "Pods-PBURLProtocol.debug.xcconfig"; path = "Pods/Target Support Files/Pods-PBURLProtocol/Pods-PBURLProtocol.debug.xcconfig"; sourceTree = "<group>"; };
		91B73E741DFEBE9400ECB715 /* PBURLProtocol.app */ = {isa = PBXFileReference; explicitFileType = wrapper.application; includeInIndex = 0; path = PBURLProtocol.app; sourceTree = BUILT_PRODUCTS_DIR; };
		91B73E781DFEBE9400ECB715 /* main.m */ = {isa = PBXFileReference; lastKnownFileType = sourcecode.c.objc; path = main.m; sourceTree = "<group>"; };
		91B73E7A1DFEBE9400ECB715 /* AppDelegate.h */ = {isa = PBXFileReference; lastKnownFileType = sourcecode.c.h; path = AppDelegate.h; sourceTree = "<group>"; };
		91B73E7B1DFEBE9400ECB715 /* AppDelegate.m */ = {isa = PBXFileReference; lastKnownFileType = sourcecode.c.objc; path = AppDelegate.m; sourceTree = "<group>"; };
		91B73E7D1DFEBE9400ECB715 /* ViewController.h */ = {isa = PBXFileReference; lastKnownFileType = sourcecode.c.h; path = ViewController.h; sourceTree = "<group>"; };
		91B73E7E1DFEBE9400ECB715 /* ViewController.m */ = {isa = PBXFileReference; lastKnownFileType = sourcecode.c.objc; path = ViewController.m; sourceTree = "<group>"; };
		91B73E811DFEBE9400ECB715 /* Base */ = {isa = PBXFileReference; lastKnownFileType = file.storyboard; name = Base; path = Base.lproj/Main.storyboard; sourceTree = "<group>"; };
		91B73E831DFEBE9400ECB715 /* Assets.xcassets */ = {isa = PBXFileReference; lastKnownFileType = folder.assetcatalog; path = Assets.xcassets; sourceTree = "<group>"; };
		91B73E861DFEBE9400ECB715 /* Base */ = {isa = PBXFileReference; lastKnownFileType = file.storyboard; name = Base; path = Base.lproj/LaunchScreen.storyboard; sourceTree = "<group>"; };
		91B73E881DFEBE9400ECB715 /* Info.plist */ = {isa = PBXFileReference; lastKnownFileType = text.plist.xml; path = Info.plist; sourceTree = "<group>"; };
		91B73E911DFEBF6700ECB715 /* PBURLProtocol.h */ = {isa = PBXFileReference; fileEncoding = 4; lastKnownFileType = sourcecode.c.h; path = PBURLProtocol.h; sourceTree = "<group>"; };
		91B73E921DFEBF6700ECB715 /* PBURLProtocol.m */ = {isa = PBXFileReference; fileEncoding = 4; lastKnownFileType = sourcecode.c.objc; path = PBURLProtocol.m; sourceTree = "<group>"; };
		FB6216954B7DD53981C915AF /* libPods-PBURLProtocol.a */ = {isa = PBXFileReference; explicitFileType = archive.ar; includeInIndex = 0; path = "libPods-PBURLProtocol.a"; sourceTree = BUILT_PRODUCTS_DIR; };
/* End PBXFileReference section */

/* Begin PBXFrameworksBuildPhase section */
		91B73E711DFEBE9400ECB715 /* Frameworks */ = {
			isa = PBXFrameworksBuildPhase;
			buildActionMask = 2147483647;
			files = (
				9F609B3E9E6CD17095543789 /* libPods-PBURLProtocol.a in Frameworks */,
			);
			runOnlyForDeploymentPostprocessing = 0;
		};
/* End PBXFrameworksBuildPhase section */

/* Begin PBXGroup section */
		0F1E72E00F4D53A567295D35 /* Frameworks */ = {
			isa = PBXGroup;
			children = (
				FB6216954B7DD53981C915AF /* libPods-PBURLProtocol.a */,
			);
			name = Frameworks;
			sourceTree = "<group>";
		};
		589A4B8CDB9A2CAA86A7C37D /* Pods */ = {
			isa = PBXGroup;
			children = (
				44F85D47CA08841AF691A4FE /* Pods-PBURLProtocol.debug.xcconfig */,
				13E8DBAF2EB2B987517DCE4D /* Pods-PBURLProtocol.release.xcconfig */,
			);
			name = Pods;
			sourceTree = "<group>";
		};
		91B73E6B1DFEBE9400ECB715 = {
			isa = PBXGroup;
			children = (
				91B73E901DFEBF4800ECB715 /* src */,
				91B73E761DFEBE9400ECB715 /* PBURLProtocol */,
				91B73E751DFEBE9400ECB715 /* Products */,
				589A4B8CDB9A2CAA86A7C37D /* Pods */,
				0F1E72E00F4D53A567295D35 /* Frameworks */,
			);
			sourceTree = "<group>";
		};
		91B73E751DFEBE9400ECB715 /* Products */ = {
			isa = PBXGroup;
			children = (
				91B73E741DFEBE9400ECB715 /* PBURLProtocol.app */,
			);
			name = Products;
			sourceTree = "<group>";
		};
		91B73E761DFEBE9400ECB715 /* PBURLProtocol */ = {
			isa = PBXGroup;
			children = (
				91B73E7A1DFEBE9400ECB715 /* AppDelegate.h */,
				91B73E7B1DFEBE9400ECB715 /* AppDelegate.m */,
				91B73E7D1DFEBE9400ECB715 /* ViewController.h */,
				91B73E7E1DFEBE9400ECB715 /* ViewController.m */,
				91B73E801DFEBE9400ECB715 /* Main.storyboard */,
				91B73E831DFEBE9400ECB715 /* Assets.xcassets */,
				91B73E851DFEBE9400ECB715 /* LaunchScreen.storyboard */,
				91B73E881DFEBE9400ECB715 /* Info.plist */,
				91B73E771DFEBE9400ECB715 /* Supporting Files */,
			);
			path = PBURLProtocol;
			sourceTree = "<group>";
		};
		91B73E771DFEBE9400ECB715 /* Supporting Files */ = {
			isa = PBXGroup;
			children = (
				91B73E781DFEBE9400ECB715 /* main.m */,
			);
			name = "Supporting Files";
			sourceTree = "<group>";
		};
		91B73E901DFEBF4800ECB715 /* src */ = {
			isa = PBXGroup;
			children = (
				91B73E911DFEBF6700ECB715 /* PBURLProtocol.h */,
				91B73E921DFEBF6700ECB715 /* PBURLProtocol.m */,
			);
			path = src;
			sourceTree = "<group>";
		};
/* End PBXGroup section */

/* Begin PBXNativeTarget section */
		91B73E731DFEBE9400ECB715 /* PBURLProtocol */ = {
			isa = PBXNativeTarget;
			buildConfigurationList = 91B73E8B1DFEBE9400ECB715 /* Build configuration list for PBXNativeTarget "PBURLProtocol" */;
			buildPhases = (
				9AA7083ABD533DD68DA860E1 /* [CP] Check Pods Manifest.lock */,
				91B73E701DFEBE9400ECB715 /* Sources */,
				91B73E711DFEBE9400ECB715 /* Frameworks */,
				91B73E721DFEBE9400ECB715 /* Resources */,
				4FE82699219AE35AD7894E76 /* [CP] Embed Pods Frameworks */,
				9CA755FCFF369004A7F51279 /* [CP] Copy Pods Resources */,
			);
			buildRules = (
			);
			dependencies = (
			);
			name = PBURLProtocol;
			productName = PBURLProtocol;
			productReference = 91B73E741DFEBE9400ECB715 /* PBURLProtocol.app */;
			productType = "com.apple.product-type.application";
		};
/* End PBXNativeTarget section */

/* Begin PBXProject section */
		91B73E6C1DFEBE9400ECB715 /* Project object */ = {
			isa = PBXProject;
			attributes = {
				LastUpgradeCheck = 0810;
				ORGANIZATIONNAME = "PB-Tech";
				TargetAttributes = {
					91B73E731DFEBE9400ECB715 = {
						CreatedOnToolsVersion = 8.1;
						DevelopmentTeam = A69NAS5AY7;
						ProvisioningStyle = Manual;
					};
				};
			};
			buildConfigurationList = 91B73E6F1DFEBE9400ECB715 /* Build configuration list for PBXProject "PBURLProtocol" */;
			compatibilityVersion = "Xcode 3.2";
			developmentRegion = English;
			hasScannedForEncodings = 0;
			knownRegions = (
				en,
				Base,
			);
			mainGroup = 91B73E6B1DFEBE9400ECB715;
			productRefGroup = 91B73E751DFEBE9400ECB715 /* Products */;
			projectDirPath = "";
			projectRoot = "";
			targets = (
				91B73E731DFEBE9400ECB715 /* PBURLProtocol */,
			);
		};
/* End PBXProject section */

/* Begin PBXResourcesBuildPhase section */
		91B73E721DFEBE9400ECB715 /* Resources */ = {
			isa = PBXResourcesBuildPhase;
			buildActionMask = 2147483647;
			files = (
				91B73E871DFEBE9400ECB715 /* LaunchScreen.storyboard in Resources */,
				91B73E841DFEBE9400ECB715 /* Assets.xcassets in Resources */,
				91B73E821DFEBE9400ECB715 /* Main.storyboard in Resources */,
			);
			runOnlyForDeploymentPostprocessing = 0;
		};
/* End PBXResourcesBuildPhase section */

/* Begin PBXShellScriptBuildPhase section */
		4FE82699219AE35AD7894E76 /* [CP] Embed Pods Frameworks */ = {
			isa = PBXShellScriptBuildPhase;
			buildActionMask = 2147483647;
			files = (
			);
			inputPaths = (
			);
			name = "[CP] Embed Pods Frameworks";
			outputPaths = (
			);
			runOnlyForDeploymentPostprocessing = 0;
			shellPath = /bin/sh;
			shellScript = "\"${SRCROOT}/Pods/Target Support Files/Pods-PBURLProtocol/Pods-PBURLProtocol-frameworks.sh\"\n";
			showEnvVarsInLog = 0;
		};
		9AA7083ABD533DD68DA860E1 /* [CP] Check Pods Manifest.lock */ = {
			isa = PBXShellScriptBuildPhase;
			buildActionMask = 2147483647;
			files = (
			);
			inputPaths = (
			);
			name = "[CP] Check Pods Manifest.lock";
			outputPaths = (
			);
			runOnlyForDeploymentPostprocessing = 0;
			shellPath = /bin/sh;
			shellScript = "diff \"${PODS_ROOT}/../Podfile.lock\" \"${PODS_ROOT}/Manifest.lock\" > /dev/null\nif [ $? != 0 ] ; then\n    # print error to STDERR\n    echo \"error: The sandbox is not in sync with the Podfile.lock. Run 'pod install' or update your CocoaPods installation.\" >&2\n    exit 1\nfi\n";
			showEnvVarsInLog = 0;
		};
		9CA755FCFF369004A7F51279 /* [CP] Copy Pods Resources */ = {
			isa = PBXShellScriptBuildPhase;
			buildActionMask = 2147483647;
			files = (
			);
			inputPaths = (
			);
			name = "[CP] Copy Pods Resources";
			outputPaths = (
			);
			runOnlyForDeploymentPostprocessing = 0;
			shellPath = /bin/sh;
			shellScript = "\"${SRCROOT}/Pods/Target Support Files/Pods-PBURLProtocol/Pods-PBURLProtocol-resources.sh\"\n";
			showEnvVarsInLog = 0;
		};
/* End PBXShellScriptBuildPhase section */

/* Begin PBXSourcesBuildPhase section */
		91B73E701DFEBE9400ECB715 /* Sources */ = {
			isa = PBXSourcesBuildPhase;
			buildActionMask = 2147483647;
			files = (
				91B73E7F1DFEBE9400ECB715 /* ViewController.m in Sources */,
				91B73E931DFEBF6700ECB715 /* PBURLProtocol.m in Sources */,
				91B73E7C1DFEBE9400ECB715 /* AppDelegate.m in Sources */,
				91B73E791DFEBE9400ECB715 /* main.m in Sources */,
			);
			runOnlyForDeploymentPostprocessing = 0;
		};
/* End PBXSourcesBuildPhase section */

/* Begin PBXVariantGroup section */
		91B73E801DFEBE9400ECB715 /* Main.storyboard */ = {
			isa = PBXVariantGroup;
			children = (
				91B73E811DFEBE9400ECB715 /* Base */,
			);
			name = Main.storyboard;
			sourceTree = "<group>";
		};
		91B73E851DFEBE9400ECB715 /* LaunchScreen.storyboard */ = {
			isa = PBXVariantGroup;
			children = (
				91B73E861DFEBE9400ECB715 /* Base */,
			);
			name = LaunchScreen.storyboard;
			sourceTree = "<group>";
		};
/* End PBXVariantGroup section */

/* Begin XCBuildConfiguration section */
		91B73E891DFEBE9400ECB715 /* Debug */ = {
			isa = XCBuildConfiguration;
			buildSettings = {
				ALWAYS_SEARCH_USER_PATHS = NO;
				CLANG_ANALYZER_NONNULL = YES;
				CLANG_CXX_LANGUAGE_STANDARD = "gnu++0x";
				CLANG_CXX_LIBRARY = "libc++";
				CLANG_ENABLE_MODULES = YES;
				CLANG_ENABLE_OBJC_ARC = YES;
				CLANG_WARN_BOOL_CONVERSION = YES;
				CLANG_WARN_CONSTANT_CONVERSION = YES;
				CLANG_WARN_DIRECT_OBJC_ISA_USAGE = YES_ERROR;
				CLANG_WARN_DOCUMENTATION_COMMENTS = YES;
				CLANG_WARN_EMPTY_BODY = YES;
				CLANG_WARN_ENUM_CONVERSION = YES;
				CLANG_WARN_INFINITE_RECURSION = YES;
				CLANG_WARN_INT_CONVERSION = YES;
				CLANG_WARN_OBJC_ROOT_CLASS = YES_ERROR;
				CLANG_WARN_SUSPICIOUS_MOVES = YES;
				CLANG_WARN_UNREACHABLE_CODE = YES;
				CLANG_WARN__DUPLICATE_METHOD_MATCH = YES;
				"CODE_SIGN_IDENTITY[sdk=iphoneos*]" = "iPhone Developer";
				COPY_PHASE_STRIP = NO;
				DEBUG_INFORMATION_FORMAT = dwarf;
				ENABLE_STRICT_OBJC_MSGSEND = YES;
				ENABLE_TESTABILITY = YES;
				GCC_C_LANGUAGE_STANDARD = gnu99;
				GCC_DYNAMIC_NO_PIC = NO;
				GCC_NO_COMMON_BLOCKS = YES;
				GCC_OPTIMIZATION_LEVEL = 0;
				GCC_PREPROCESSOR_DEFINITIONS = (
					"DEBUG=1",
					"$(inherited)",
				);
				GCC_WARN_64_TO_32_BIT_CONVERSION = YES;
				GCC_WARN_ABOUT_RETURN_TYPE = YES_ERROR;
				GCC_WARN_UNDECLARED_SELECTOR = YES;
				GCC_WARN_UNINITIALIZED_AUTOS = YES_AGGRESSIVE;
				GCC_WARN_UNUSED_FUNCTION = YES;
				GCC_WARN_UNUSED_VARIABLE = YES;
				IPHONEOS_DEPLOYMENT_TARGET = 10.1;
				MTL_ENABLE_DEBUG_INFO = YES;
				ONLY_ACTIVE_ARCH = YES;
				SDKROOT = iphoneos;
				TARGETED_DEVICE_FAMILY = "1,2";
			};
			name = Debug;
		};
		91B73E8A1DFEBE9400ECB715 /* Release */ = {
			isa = XCBuildConfiguration;
			buildSettings = {
				ALWAYS_SEARCH_USER_PATHS = NO;
				CLANG_ANALYZER_NONNULL = YES;
				CLANG_CXX_LANGUAGE_STANDARD = "gnu++0x";
				CLANG_CXX_LIBRARY = "libc++";
				CLANG_ENABLE_MODULES = YES;
				CLANG_ENABLE_OBJC_ARC = YES;
				CLANG_WARN_BOOL_CONVERSION = YES;
				CLANG_WARN_CONSTANT_CONVERSION = YES;
				CLANG_WARN_DIRECT_OBJC_ISA_USAGE = YES_ERROR;
				CLANG_WARN_DOCUMENTATION_COMMENTS = YES;
				CLANG_WARN_EMPTY_BODY = YES;
				CLANG_WARN_ENUM_CONVERSION = YES;
				CLANG_WARN_INFINITE_RECURSION = YES;
				CLANG_WARN_INT_CONVERSION = YES;
				CLANG_WARN_OBJC_ROOT_CLASS = YES_ERROR;
				CLANG_WARN_SUSPICIOUS_MOVES = YES;
				CLANG_WARN_UNREACHABLE_CODE = YES;
				CLANG_WARN__DUPLICATE_METHOD_MATCH = YES;
				"CODE_SIGN_IDENTITY[sdk=iphoneos*]" = "iPhone Developer";
				COPY_PHASE_STRIP = NO;
				DEBUG_INFORMATION_FORMAT = "dwarf-with-dsym";
				ENABLE_NS_ASSERTIONS = NO;
				ENABLE_STRICT_OBJC_MSGSEND = YES;
				GCC_C_LANGUAGE_STANDARD = gnu99;
				GCC_NO_COMMON_BLOCKS = YES;
				GCC_WARN_64_TO_32_BIT_CONVERSION = YES;
				GCC_WARN_ABOUT_RETURN_TYPE = YES_ERROR;
				GCC_WARN_UNDECLARED_SELECTOR = YES;
				GCC_WARN_UNINITIALIZED_AUTOS = YES_AGGRESSIVE;
				GCC_WARN_UNUSED_FUNCTION = YES;
				GCC_WARN_UNUSED_VARIABLE = YES;
				IPHONEOS_DEPLOYMENT_TARGET = 10.1;
				MTL_ENABLE_DEBUG_INFO = NO;
				SDKROOT = iphoneos;
				TARGETED_DEVICE_FAMILY = "1,2";
				VALIDATE_PRODUCT = YES;
			};
			name = Release;
		};
		91B73E8C1DFEBE9400ECB715 /* Debug */ = {
			isa = XCBuildConfiguration;
			baseConfigurationReference = 44F85D47CA08841AF691A4FE /* Pods-PBURLProtocol.debug.xcconfig */;
			buildSettings = {
				ASSETCATALOG_COMPILER_APPICON_NAME = AppIcon;
				DEVELOPMENT_TEAM = A69NAS5AY7;
				INFOPLIST_FILE = PBURLProtocol/Info.plist;
				IPHONEOS_DEPLOYMENT_TARGET = 8.0;
				LD_RUNPATH_SEARCH_PATHS = "$(inherited) @executable_path/Frameworks";
				PRODUCT_BUNDLE_IDENTIFIER = "com.PB-Tech.PBURLProtocol";
				PRODUCT_NAME = "$(TARGET_NAME)";
				PROVISIONING_PROFILE = "71538c58-725a-4f3b-8383-f3942a6e980c";
				PROVISIONING_PROFILE_SPECIFIER = mtp_void_sign;
			};
			name = Debug;
		};
		91B73E8D1DFEBE9400ECB715 /* Release */ = {
			isa = XCBuildConfiguration;
			baseConfigurationReference = 13E8DBAF2EB2B987517DCE4D /* Pods-PBURLProtocol.release.xcconfig */;
			buildSettings = {
				ASSETCATALOG_COMPILER_APPICON_NAME = AppIcon;
				DEVELOPMENT_TEAM = A69NAS5AY7;
				INFOPLIST_FILE = PBURLProtocol/Info.plist;
				IPHONEOS_DEPLOYMENT_TARGET = 8.0;
				LD_RUNPATH_SEARCH_PATHS = "$(inherited) @executable_path/Frameworks";
				PRODUCT_BUNDLE_IDENTIFIER = "com.PB-Tech.PBURLProtocol";
				PRODUCT_NAME = "$(TARGET_NAME)";
				PROVISIONING_PROFILE = "71538c58-725a-4f3b-8383-f3942a6e980c";
				PROVISIONING_PROFILE_SPECIFIER = mtp_void_sign;
			};
			name = Release;
		};
/* End XCBuildConfiguration section */

/* Begin XCConfigurationList section */
		91B73E6F1DFEBE9400ECB715 /* Build configuration list for PBXProject "PBURLProtocol" */ = {
			isa = XCConfigurationList;
			buildConfigurations = (
				91B73E891DFEBE9400ECB715 /* Debug */,
				91B73E8A1DFEBE9400ECB715 /* Release */,
			);
			defaultConfigurationIsVisible = 0;
			defaultConfigurationName = Release;
		};
		91B73E8B1DFEBE9400ECB715 /* Build configuration list for PBXNativeTarget "PBURLProtocol" */ = {
			isa = XCConfigurationList;
			buildConfigurations = (
				91B73E8C1DFEBE9400ECB715 /* Debug */,
				91B73E8D1DFEBE9400ECB715 /* Release */,
			);
			defaultConfigurationIsVisible = 0;
			defaultConfigurationName = Release;
		};
/* End XCConfigurationList section */
	};
	rootObject = 91B73E6C1DFEBE9400ECB715 /* Project object */;
}
